
Microsoft Visual Studio Solution File, Format Version 9.00
# Visual Studio 2005
Project("{FAE04EC0-301F-11D3-BF4B-00C04F79EFBC}") = "MbUnitForms.Test", "MbUnitForms.Test\MbUnitForms.Test.csproj", "{E779CBD7-1CCE-4796-AE12-00AB56A8A815}"
EndProject
Project("{FAE04EC0-301F-11D3-BF4B-00C04F79EFBC}") = "MbUnitForms.Recorder", "MbUnitForms.Recorder\MbUnitForms.Recorder.csproj", "{DAAB0423-50E1-4868-B5A7-07D47BF7CE45}"
EndProject
Project("{FAE04EC0-301F-11D3-BF4B-00C04F79EFBC}") = "MbUnitForms.Recorder.Application", "MbUnitForms.Recorder.Application\MbUnitForms.Recorder.Application.csproj", "{BC434DE1-6C78-4216-904A-4C55B5EACE88}"
EndProject
Project("{2150E333-8FDC-42A3-9474-1A3956D46DE8}") = "Solution Items", "Solution Items", "{3AFD3A72-EBD0-46A5-A3AF-8236012CCDE2}"
EndProject
Project("{FAE04EC0-301F-11D3-BF4B-00C04F79EFBC}") = "MbUnitForms", "MbUnitForms\MbUnitForms.csproj", "{E579ACDA-8C4F-4E35-A18B-C001D9EECD2B}"
EndProject
Project("{FAE04EC0-301F-11D3-BF4B-00C04F79EFBC}") = "MbUnitForms.Example", "MbUnitForms.Example\MbUnitForms.Example.csproj", "{36304BD6-5988-4CFC-9886-829EED8C3CCC}"
EndProject
Project("{54435603-DBB4-11D2-8724-00A0C9A8B90C}") = "Setup", "Setup\Setup.vdproj", "{8B3EEE54-7872-47B3-8766-936339BBC8A5}"
EndProject
Project("{FAE04EC0-301F-11D3-BF4B-00C04F79EFBC}") = "MbUnitForms.ScreenCapture", "MbUnitForms.ScreenCapture\MbUnitForms.ScreenCapture.csproj", "{51410454-C3F4-4444-941D-F718AF337A4B}"
EndProject
Global
	GlobalSection(SolutionConfigurationPlatforms) = preSolution
		Debug|Any CPU = Debug|Any CPU
		Release|Any CPU = Release|Any CPU
	EndGlobalSection
	GlobalSection(ProjectConfigurationPlatforms) = postSolution
		{E779CBD7-1CCE-4796-AE12-00AB56A8A815}.Debug|Any CPU.ActiveCfg = Debug|Any CPU
		{E779CBD7-1CCE-4796-AE12-00AB56A8A815}.Debug|Any CPU.Build.0 = Debug|Any CPU
		{E779CBD7-1CCE-4796-AE12-00AB56A8A815}.Release|Any CPU.ActiveCfg = Release|Any CPU
		{E779CBD7-1CCE-4796-AE12-00AB56A8A815}.Release|Any CPU.Build.0 = Release|Any CPU
		{DAAB0423-50E1-4868-B5A7-07D47BF7CE45}.Debug|Any CPU.ActiveCfg = Debug|Any CPU
		{DAAB0423-50E1-4868-B5A7-07D47BF7CE45}.Debug|Any CPU.Build.0 = Debug|Any CPU
		{DAAB0423-50E1-4868-B5A7-07D47BF7CE45}.Release|Any CPU.ActiveCfg = Release|Any CPU
		{DAAB0423-50E1-4868-B5A7-07D47BF7CE45}.Release|Any CPU.Build.0 = Release|Any CPU
		{BC434DE1-6C78-4216-904A-4C55B5EACE88}.Debug|Any CPU.ActiveCfg = Debug|Any CPU
		{BC434DE1-6C78-4216-904A-4C55B5EACE88}.Debug|Any CPU.Build.0 = Debug|Any CPU
		{BC434DE1-6C78-4216-904A-4C55B5EACE88}.Release|Any CPU.ActiveCfg = Release|Any CPU
		{BC434DE1-6C78-4216-904A-4C55B5EACE88}.Release|Any CPU.Build.0 = Release|Any CPU
		{E579ACDA-8C4F-4E35-A18B-C001D9EECD2B}.Debug|Any CPU.ActiveCfg = Debug|Any CPU
		{E579ACDA-8C4F-4E35-A18B-C001D9EECD2B}.Debug|Any CPU.Build.0 = Debug|Any CPU
		{E579ACDA-8C4F-4E35-A18B-C001D9EECD2B}.Release|Any CPU.ActiveCfg = Release|Any CPU
		{E579ACDA-8C4F-4E35-A18B-C001D9EECD2B}.Release|Any CPU.Build.0 = Release|Any CPU
		{36304BD6-5988-4CFC-9886-829EED8C3CCC}.Debug|Any CPU.ActiveCfg = Debug|Any CPU
		{36304BD6-5988-4CFC-9886-829EED8C3CCC}.Debug|Any CPU.Build.0 = Debug|Any CPU
		{36304BD6-5988-4CFC-9886-829EED8C3CCC}.Release|Any CPU.ActiveCfg = Release|Any CPU
		{36304BD6-5988-4CFC-9886-829EED8C3CCC}.Release|Any CPU.Build.0 = Release|Any CPU
		{8B3EEE54-7872-47B3-8766-936339BBC8A5}.Debug|Any CPU.ActiveCfg = Debug
		{8B3EEE54-7872-47B3-8766-936339BBC8A5}.Release|Any CPU.ActiveCfg = Release
		{51410454-C3F4-4444-941D-F718AF337A4B}.Debug|Any CPU.ActiveCfg = Debug|Any CPU
		{51410454-C3F4-4444-941D-F718AF337A4B}.Debug|Any CPU.Build.0 = Debug|Any CPU
		{51410454-C3F4-4444-941D-F718AF337A4B}.Release|Any CPU.ActiveCfg = Release|Any CPU
		{51410454-C3F4-4444-941D-F718AF337A4B}.Release|Any CPU.Build.0 = Release|Any CPU
	EndGlobalSection
	GlobalSection(SolutionProperties) = preSolution
		HideSolutionNode = FALSE
	EndGlobalSection
EndGlobal
